
Microsoft Visual Studio Solution File, Format Version 12.00
# Visual Studio Version 17
VisualStudioVersion = 17.8.34309.116
MinimumVisualStudioVersion = 10.0.40219.1
Project("{FAE04EC0-301F-11D3-BF4B-00C04F79EFBC}") = "Threads", "Threads\Threads.csproj", "{B9A4CFDD-8B89-412C-AC9E-F1E2BF239B14}"
EndProject
Global
	GlobalSection(SolutionConfigurationPlatforms) = preSolution
		Debug|Any CPU = Debug|Any CPU
		Release|Any CPU = Release|Any CPU
	EndGlobalSection
	GlobalSection(ProjectConfigurationPlatforms) = postSolution
		{B9A4CFDD-8B89-412C-AC9E-F1E2BF239B14}.Debug|Any CPU.ActiveCfg = Debug|Any CPU
		{B9A4CFDD-8B89-412C-AC9E-F1E2BF239B14}.Debug|Any CPU.Build.0 = Debug|Any CPU
		{B9A4CFDD-8B89-412C-AC9E-F1E2BF239B14}.Release|Any CPU.ActiveCfg = Release|Any CPU
		{B9A4CFDD-8B89-412C-AC9E-F1E2BF239B14}.Release|Any CPU.Build.0 = Release|Any CPU
	EndGlobalSection
	GlobalSection(SolutionProperties) = preSolution
		HideSolutionNode = FALSE
	EndGlobalSection
	GlobalSection(ExtensibilityGlobals) = postSolution
		SolutionGuid = {876673E3-E1D1-48D8-92C5-2A504F40AB55}
	EndGlobalSection
EndGlobal
